
Microsoft Visual Studio Solution File, Format Version 12.00
# Visual Studio Version 16
VisualStudioVersion = 16.0.29209.62
MinimumVisualStudioVersion = 10.0.40219.1
Project("{9A19103F-16F7-4668-BE54-9A1E7A4F7556}") = "MyVet.Common", "MyVet.Common\MyVet.Common.csproj", "{8394960D-EACA-4CE4-B432-9AE6DF35D8ED}"
EndProject
Project("{9A19103F-16F7-4668-BE54-9A1E7A4F7556}") = "MyVet.Web", "MyVet.Web\MyVet.Web.csproj", "{28366067-60FD-47BC-9D3E-70EE4221FB14}"
EndProject
Project("{FAE04EC0-301F-11D3-BF4B-00C04F79EFBC}") = "MyVet.Prism", "MyVet.Prism\MyVet.Prism\MyVet.Prism.csproj", "{5A601F9B-7B85-485A-9EC6-E9C5B54734AB}"
EndProject
Project("{FAE04EC0-301F-11D3-BF4B-00C04F79EFBC}") = "MyVet.Prism.Android", "MyVet.Prism\MyVet.Prism.Android\MyVet.Prism.Android.csproj", "{146EABD6-719E-4ADE-831F-51DF4FDE43EB}"
EndProject
Project("{FAE04EC0-301F-11D3-BF4B-00C04F79EFBC}") = "MyVet.Prism.iOS", "MyVet.Prism\MyVet.Prism.iOS\MyVet.Prism.iOS.csproj", "{2E60208D-DEC6-48A9-A3FA-1B47EBB1CCED}"
EndProject
Project("{FAE04EC0-301F-11D3-BF4B-00C04F79EFBC}") = "MyVet.Prism.UWP", "MyVet.Prism\MyVet.Prism.UWP\MyVet.Prism.UWP.csproj", "{DEF20894-1023-488C-A00C-284BA04432FF}"
EndProject
Global
	GlobalSection(SolutionConfigurationPlatforms) = preSolution
		Ad-Hoc|Any CPU = Ad-Hoc|Any CPU
		Ad-Hoc|ARM = Ad-Hoc|ARM
		Ad-Hoc|iPhone = Ad-Hoc|iPhone
		Ad-Hoc|iPhoneSimulator = Ad-Hoc|iPhoneSimulator
		Ad-Hoc|x64 = Ad-Hoc|x64
		Ad-Hoc|x86 = Ad-Hoc|x86
		AppStore|Any CPU = AppStore|Any CPU
		AppStore|ARM = AppStore|ARM
		AppStore|iPhone = AppStore|iPhone
		AppStore|iPhoneSimulator = AppStore|iPhoneSimulator
		AppStore|x64 = AppStore|x64
		AppStore|x86 = AppStore|x86
		Debug|Any CPU = Debug|Any CPU
		Debug|ARM = Debug|ARM
		Debug|iPhone = Debug|iPhone
		Debug|iPhoneSimulator = Debug|iPhoneSimulator
		Debug|x64 = Debug|x64
		Debug|x86 = Debug|x86
		Release|Any CPU = Release|Any CPU
		Release|ARM = Release|ARM
		Release|iPhone = Release|iPhone
		Release|iPhoneSimulator = Release|iPhoneSimulator
		Release|x64 = Release|x64
		Release|x86 = Release|x86
	EndGlobalSection
	GlobalSection(ProjectConfigurationPlatforms) = postSolution
		{8394960D-EACA-4CE4-B432-9AE6DF35D8ED}.Ad-Hoc|Any CPU.ActiveCfg = Release|Any CPU
		{8394960D-EACA-4CE4-B432-9AE6DF35D8ED}.Ad-Hoc|Any CPU.Build.0 = Release|Any CPU
		{8394960D-EACA-4CE4-B432-9AE6DF35D8ED}.Ad-Hoc|ARM.ActiveCfg = Release|Any CPU
		{8394960D-EACA-4CE4-B432-9AE6DF35D8ED}.Ad-Hoc|ARM.Build.0 = Release|Any CPU
		{8394960D-EACA-4CE4-B432-9AE6DF35D8ED}.Ad-Hoc|iPhone.ActiveCfg = Release|Any CPU
		{8394960D-EACA-4CE4-B432-9AE6DF35D8ED}.Ad-Hoc|iPhone.Build.0 = Release|Any CPU
		{8394960D-EACA-4CE4-B432-9AE6DF35D8ED}.Ad-Hoc|iPhoneSimulator.ActiveCfg = Release|Any CPU
		{8394960D-EACA-4CE4-B432-9AE6DF35D8ED}.Ad-Hoc|iPhoneSimulator.Build.0 = Release|Any CPU
		{8394960D-EACA-4CE4-B432-9AE6DF35D8ED}.Ad-Hoc|x64.ActiveCfg = Release|Any CPU
		{8394960D-EACA-4CE4-B432-9AE6DF35D8ED}.Ad-Hoc|x64.Build.0 = Release|Any CPU
		{8394960D-EACA-4CE4-B432-9AE6DF35D8ED}.Ad-Hoc|x86.ActiveCfg = Release|Any CPU
		{8394960D-EACA-4CE4-B432-9AE6DF35D8ED}.Ad-Hoc|x86.Build.0 = Release|Any CPU
		{8394960D-EACA-4CE4-B432-9AE6DF35D8ED}.AppStore|Any CPU.ActiveCfg = Release|Any CPU
		{8394960D-EACA-4CE4-B432-9AE6DF35D8ED}.AppStore|Any CPU.Build.0 = Release|Any CPU
		{8394960D-EACA-4CE4-B432-9AE6DF35D8ED}.AppStore|ARM.ActiveCfg = Release|Any CPU
		{8394960D-EACA-4CE4-B432-9AE6DF35D8ED}.AppStore|ARM.Build.0 = Release|Any CPU
		{8394960D-EACA-4CE4-B432-9AE6DF35D8ED}.AppStore|iPhone.ActiveCfg = Release|Any CPU
		{8394960D-EACA-4CE4-B432-9AE6DF35D8ED}.AppStore|iPhone.Build.0 = Release|Any CPU
		{8394960D-EACA-4CE4-B432-9AE6DF35D8ED}.AppStore|iPhoneSimulator.ActiveCfg = Release|Any CPU
		{8394960D-EACA-4CE4-B432-9AE6DF35D8ED}.AppStore|iPhoneSimulator.Build.0 = Release|Any CPU
		{8394960D-EACA-4CE4-B432-9AE6DF35D8ED}.AppStore|x64.ActiveCfg = Release|Any CPU
		{8394960D-EACA-4CE4-B432-9AE6DF35D8ED}.AppStore|x64.Build.0 = Release|Any CPU
		{8394960D-EACA-4CE4-B432-9AE6DF35D8ED}.AppStore|x86.ActiveCfg = Release|Any CPU
		{8394960D-EACA-4CE4-B432-9AE6DF35D8ED}.AppStore|x86.Build.0 = Release|Any CPU
		{8394960D-EACA-4CE4-B432-9AE6DF35D8ED}.Debug|Any CPU.ActiveCfg = Debug|Any CPU
		{8394960D-EACA-4CE4-B432-9AE6DF35D8ED}.Debug|Any CPU.Build.0 = Debug|Any CPU
		{8394960D-EACA-4CE4-B432-9AE6DF35D8ED}.Debug|ARM.ActiveCfg = Debug|Any CPU
		{8394960D-EACA-4CE4-B432-9AE6DF35D8ED}.Debug|ARM.Build.0 = Debug|Any CPU
		{8394960D-EACA-4CE4-B432-9AE6DF35D8ED}.Debug|iPhone.ActiveCfg = Debug|Any CPU
		{8394960D-EACA-4CE4-B432-9AE6DF35D8ED}.Debug|iPhone.Build.0 = Debug|Any CPU
		{8394960D-EACA-4CE4-B432-9AE6DF35D8ED}.Debug|iPhoneSimulator.ActiveCfg = Debug|Any CPU
		{8394960D-EACA-4CE4-B432-9AE6DF35D8ED}.Debug|iPhoneSimulator.Build.0 = Debug|Any CPU
		{8394960D-EACA-4CE4-B432-9AE6DF35D8ED}.Debug|x64.ActiveCfg = Debug|Any CPU
		{8394960D-EACA-4CE4-B432-9AE6DF35D8ED}.Debug|x64.Build.0 = Debug|Any CPU
		{8394960D-EACA-4CE4-B432-9AE6DF35D8ED}.Debug|x86.ActiveCfg = Debug|Any CPU
		{8394960D-EACA-4CE4-B432-9AE6DF35D8ED}.Debug|x86.Build.0 = Debug|Any CPU
		{8394960D-EACA-4CE4-B432-9AE6DF35D8ED}.Release|Any CPU.ActiveCfg = Release|Any CPU
		{8394960D-EACA-4CE4-B432-9AE6DF35D8ED}.Release|Any CPU.Build.0 = Release|Any CPU
		{8394960D-EACA-4CE4-B432-9AE6DF35D8ED}.Release|ARM.ActiveCfg = Release|Any CPU
		{8394960D-EACA-4CE4-B432-9AE6DF35D8ED}.Release|ARM.Build.0 = Release|Any CPU
		{8394960D-EACA-4CE4-B432-9AE6DF35D8ED}.Release|iPhone.ActiveCfg = Release|Any CPU
		{8394960D-EACA-4CE4-B432-9AE6DF35D8ED}.Release|iPhone.Build.0 = Release|Any CPU
		{8394960D-EACA-4CE4-B432-9AE6DF35D8ED}.Release|iPhoneSimulator.ActiveCfg = Release|Any CPU
		{8394960D-EACA-4CE4-B432-9AE6DF35D8ED}.Release|iPhoneSimulator.Build.0 = Release|Any CPU
		{8394960D-EACA-4CE4-B432-9AE6DF35D8ED}.Release|x64.ActiveCfg = Release|Any CPU
		{8394960D-EACA-4CE4-B432-9AE6DF35D8ED}.Release|x64.Build.0 = Release|Any CPU
		{8394960D-EACA-4CE4-B432-9AE6DF35D8ED}.Release|x86.ActiveCfg = Release|Any CPU
		{8394960D-EACA-4CE4-B432-9AE6DF35D8ED}.Release|x86.Build.0 = Release|Any CPU
		{28366067-60FD-47BC-9D3E-70EE4221FB14}.Ad-Hoc|Any CPU.ActiveCfg = Release|Any CPU
		{28366067-60FD-47BC-9D3E-70EE4221FB14}.Ad-Hoc|Any CPU.Build.0 = Release|Any CPU
		{28366067-60FD-47BC-9D3E-70EE4221FB14}.Ad-Hoc|ARM.ActiveCfg = Release|Any CPU
		{28366067-60FD-47BC-9D3E-70EE4221FB14}.Ad-Hoc|ARM.Build.0 = Release|Any CPU
		{28366067-60FD-47BC-9D3E-70EE4221FB14}.Ad-Hoc|iPhone.ActiveCfg = Release|Any CPU
		{28366067-60FD-47BC-9D3E-70EE4221FB14}.Ad-Hoc|iPhone.Build.0 = Release|Any CPU
		{28366067-60FD-47BC-9D3E-70EE4221FB14}.Ad-Hoc|iPhoneSimulator.ActiveCfg = Release|Any CPU
		{28366067-60FD-47BC-9D3E-70EE4221FB14}.Ad-Hoc|iPhoneSimulator.Build.0 = Release|Any CPU
		{28366067-60FD-47BC-9D3E-70EE4221FB14}.Ad-Hoc|x64.ActiveCfg = Release|Any CPU
		{28366067-60FD-47BC-9D3E-70EE4221FB14}.Ad-Hoc|x64.Build.0 = Release|Any CPU
		{28366067-60FD-47BC-9D3E-70EE4221FB14}.Ad-Hoc|x86.ActiveCfg = Release|Any CPU
		{28366067-60FD-47BC-9D3E-70EE4221FB14}.Ad-Hoc|x86.Build.0 = Release|Any CPU
		{28366067-60FD-47BC-9D3E-70EE4221FB14}.AppStore|Any CPU.ActiveCfg = Release|Any CPU
		{28366067-60FD-47BC-9D3E-70EE4221FB14}.AppStore|Any CPU.Build.0 = Release|Any CPU
		{28366067-60FD-47BC-9D3E-70EE4221FB14}.AppStore|ARM.ActiveCfg = Release|Any CPU
		{28366067-60FD-47BC-9D3E-70EE4221FB14}.AppStore|ARM.Build.0 = Release|Any CPU
		{28366067-60FD-47BC-9D3E-70EE4221FB14}.AppStore|iPhone.ActiveCfg = Release|Any CPU
		{28366067-60FD-47BC-9D3E-70EE4221FB14}.AppStore|iPhone.Build.0 = Release|Any CPU
		{28366067-60FD-47BC-9D3E-70EE4221FB14}.AppStore|iPhoneSimulator.ActiveCfg = Release|Any CPU
		{28366067-60FD-47BC-9D3E-70EE4221FB14}.AppStore|iPhoneSimulator.Build.0 = Release|Any CPU
		{28366067-60FD-47BC-9D3E-70EE4221FB14}.AppStore|x64.ActiveCfg = Release|Any CPU
		{28366067-60FD-47BC-9D3E-70EE4221FB14}.AppStore|x64.Build.0 = Release|Any CPU
		{28366067-60FD-47BC-9D3E-70EE4221FB14}.AppStore|x86.ActiveCfg = Release|Any CPU
		{28366067-60FD-47BC-9D3E-70EE4221FB14}.AppStore|x86.Build.0 = Release|Any CPU
		{28366067-60FD-47BC-9D3E-70EE4221FB14}.Debug|Any CPU.ActiveCfg = Debug|Any CPU
		{28366067-60FD-47BC-9D3E-70EE4221FB14}.Debug|Any CPU.Build.0 = Debug|Any CPU
		{28366067-60FD-47BC-9D3E-70EE4221FB14}.Debug|ARM.ActiveCfg = Debug|Any CPU
		{28366067-60FD-47BC-9D3E-70EE4221FB14}.Debug|ARM.Build.0 = Debug|Any CPU
		{28366067-60FD-47BC-9D3E-70EE4221FB14}.Debug|iPhone.ActiveCfg = Debug|Any CPU
		{28366067-60FD-47BC-9D3E-70EE4221FB14}.Debug|iPhone.Build.0 = Debug|Any CPU
		{28366067-60FD-47BC-9D3E-70EE4221FB14}.Debug|iPhoneSimulator.ActiveCfg = Debug|Any CPU
		{28366067-60FD-47BC-9D3E-70EE4221FB14}.Debug|iPhoneSimulator.Build.0 = Debug|Any CPU
		{28366067-60FD-47BC-9D3E-70EE4221FB14}.Debug|x64.ActiveCfg = Debug|Any CPU
		{28366067-60FD-47BC-9D3E-70EE4221FB14}.Debug|x64.Build.0 = Debug|Any CPU
		{28366067-60FD-47BC-9D3E-70EE4221FB14}.Debug|x86.ActiveCfg = Debug|Any CPU
		{28366067-60FD-47BC-9D3E-70EE4221FB14}.Debug|x86.Build.0 = Debug|Any CPU
		{28366067-60FD-47BC-9D3E-70EE4221FB14}.Release|Any CPU.ActiveCfg = Release|Any CPU
		{28366067-60FD-47BC-9D3E-70EE4221FB14}.Release|Any CPU.Build.0 = Release|Any CPU
		{28366067-60FD-47BC-9D3E-70EE4221FB14}.Release|ARM.ActiveCfg = Release|Any CPU
		{28366067-60FD-47BC-9D3E-70EE4221FB14}.Release|ARM.Build.0 = Release|Any CPU
		{28366067-60FD-47BC-9D3E-70EE4221FB14}.Release|iPhone.ActiveCfg = Release|Any CPU
		{28366067-60FD-47BC-9D3E-70EE4221FB14}.Release|iPhone.Build.0 = Release|Any CPU
		{28366067-60FD-47BC-9D3E-70EE4221FB14}.Release|iPhoneSimulator.ActiveCfg = Release|Any CPU
		{28366067-60FD-47BC-9D3E-70EE4221FB14}.Release|iPhoneSimulator.Build.0 = Release|Any CPU
		{28366067-60FD-47BC-9D3E-70EE4221FB14}.Release|x64.ActiveCfg = Release|Any CPU
		{28366067-60FD-47BC-9D3E-70EE4221FB14}.Release|x64.Build.0 = Release|Any CPU
		{28366067-60FD-47BC-9D3E-70EE4221FB14}.Release|x86.ActiveCfg = Release|Any CPU
		{28366067-60FD-47BC-9D3E-70EE4221FB14}.Release|x86.Build.0 = Release|Any CPU
		{5A601F9B-7B85-485A-9EC6-E9C5B54734AB}.Ad-Hoc|Any CPU.ActiveCfg = Debug|Any CPU
		{5A601F9B-7B85-485A-9EC6-E9C5B54734AB}.Ad-Hoc|Any CPU.Build.0 = Debug|Any CPU
		{5A601F9B-7B85-485A-9EC6-E9C5B54734AB}.Ad-Hoc|ARM.ActiveCfg = Debug|Any CPU
		{5A601F9B-7B85-485A-9EC6-E9C5B54734AB}.Ad-Hoc|ARM.Build.0 = Debug|Any CPU
		{5A601F9B-7B85-485A-9EC6-E9C5B54734AB}.Ad-Hoc|iPhone.ActiveCfg = Debug|Any CPU
		{5A601F9B-7B85-485A-9EC6-E9C5B54734AB}.Ad-Hoc|iPhone.Build.0 = Debug|Any CPU
		{5A601F9B-7B85-485A-9EC6-E9C5B54734AB}.Ad-Hoc|iPhoneSimulator.ActiveCfg = Debug|Any CPU
		{5A601F9B-7B85-485A-9EC6-E9C5B54734AB}.Ad-Hoc|iPhoneSimulator.Build.0 = Debug|Any CPU
		{5A601F9B-7B85-485A-9EC6-E9C5B54734AB}.Ad-Hoc|x64.ActiveCfg = Debug|Any CPU
		{5A601F9B-7B85-485A-9EC6-E9C5B54734AB}.Ad-Hoc|x64.Build.0 = Debug|Any CPU
		{5A601F9B-7B85-485A-9EC6-E9C5B54734AB}.Ad-Hoc|x86.ActiveCfg = Debug|Any CPU
		{5A601F9B-7B85-485A-9EC6-E9C5B54734AB}.Ad-Hoc|x86.Build.0 = Debug|Any CPU
		{5A601F9B-7B85-485A-9EC6-E9C5B54734AB}.AppStore|Any CPU.ActiveCfg = Debug|Any CPU
		{5A601F9B-7B85-485A-9EC6-E9C5B54734AB}.AppStore|Any CPU.Build.0 = Debug|Any CPU
		{5A601F9B-7B85-485A-9EC6-E9C5B54734AB}.AppStore|ARM.ActiveCfg = Debug|Any CPU
		{5A601F9B-7B85-485A-9EC6-E9C5B54734AB}.AppStore|ARM.Build.0 = Debug|Any CPU
		{5A601F9B-7B85-485A-9EC6-E9C5B54734AB}.AppStore|iPhone.ActiveCfg = Debug|Any CPU
		{5A601F9B-7B85-485A-9EC6-E9C5B54734AB}.AppStore|iPhone.Build.0 = Debug|Any CPU
		{5A601F9B-7B85-485A-9EC6-E9C5B54734AB}.AppStore|iPhoneSimulator.ActiveCfg = Debug|Any CPU
		{5A601F9B-7B85-485A-9EC6-E9C5B54734AB}.AppStore|iPhoneSimulator.Build.0 = Debug|Any CPU
		{5A601F9B-7B85-485A-9EC6-E9C5B54734AB}.AppStore|x64.ActiveCfg = Debug|Any CPU
		{5A601F9B-7B85-485A-9EC6-E9C5B54734AB}.AppStore|x64.Build.0 = Debug|Any CPU
		{5A601F9B-7B85-485A-9EC6-E9C5B54734AB}.AppStore|x86.ActiveCfg = Debug|Any CPU
		{5A601F9B-7B85-485A-9EC6-E9C5B54734AB}.AppStore|x86.Build.0 = Debug|Any CPU
		{5A601F9B-7B85-485A-9EC6-E9C5B54734AB}.Debug|Any CPU.ActiveCfg = Debug|Any CPU
		{5A601F9B-7B85-485A-9EC6-E9C5B54734AB}.Debug|Any CPU.Build.0 = Debug|Any CPU
		{5A601F9B-7B85-485A-9EC6-E9C5B54734AB}.Debug|ARM.ActiveCfg = Debug|Any CPU
		{5A601F9B-7B85-485A-9EC6-E9C5B54734AB}.Debug|ARM.Build.0 = Debug|Any CPU
		{5A601F9B-7B85-485A-9EC6-E9C5B54734AB}.Debug|iPhone.ActiveCfg = Debug|Any CPU
		{5A601F9B-7B85-485A-9EC6-E9C5B54734AB}.Debug|iPhone.Build.0 = Debug|Any CPU
		{5A601F9B-7B85-485A-9EC6-E9C5B54734AB}.Debug|iPhoneSimulator.ActiveCfg = Debug|Any CPU
		{5A601F9B-7B85-485A-9EC6-E9C5B54734AB}.Debug|iPhoneSimulator.Build.0 = Debug|Any CPU
		{5A601F9B-7B85-485A-9EC6-E9C5B54734AB}.Debug|x64.ActiveCfg = Debug|Any CPU
		{5A601F9B-7B85-485A-9EC6-E9C5B54734AB}.Debug|x64.Build.0 = Debug|Any CPU
		{5A601F9B-7B85-485A-9EC6-E9C5B54734AB}.Debug|x86.ActiveCfg = Debug|Any CPU
		{5A601F9B-7B85-485A-9EC6-E9C5B54734AB}.Debug|x86.Build.0 = Debug|Any CPU
		{5A601F9B-7B85-485A-9EC6-E9C5B54734AB}.Release|Any CPU.ActiveCfg = Release|Any CPU
		{5A601F9B-7B85-485A-9EC6-E9C5B54734AB}.Release|Any CPU.Build.0 = Release|Any CPU
		{5A601F9B-7B85-485A-9EC6-E9C5B54734AB}.Release|ARM.ActiveCfg = Release|Any CPU
		{5A601F9B-7B85-485A-9EC6-E9C5B54734AB}.Release|ARM.Build.0 = Release|Any CPU
		{5A601F9B-7B85-485A-9EC6-E9C5B54734AB}.Release|iPhone.ActiveCfg = Release|Any CPU
		{5A601F9B-7B85-485A-9EC6-E9C5B54734AB}.Release|iPhone.Build.0 = Release|Any CPU
		{5A601F9B-7B85-485A-9EC6-E9C5B54734AB}.Release|iPhoneSimulator.ActiveCfg = Release|Any CPU
		{5A601F9B-7B85-485A-9EC6-E9C5B54734AB}.Release|iPhoneSimulator.Build.0 = Release|Any CPU
		{5A601F9B-7B85-485A-9EC6-E9C5B54734AB}.Release|x64.ActiveCfg = Release|Any CPU
		{5A601F9B-7B85-485A-9EC6-E9C5B54734AB}.Release|x64.Build.0 = Release|Any CPU
		{5A601F9B-7B85-485A-9EC6-E9C5B54734AB}.Release|x86.ActiveCfg = Release|Any CPU
		{5A601F9B-7B85-485A-9EC6-E9C5B54734AB}.Release|x86.Build.0 = Release|Any CPU
		{146EABD6-719E-4ADE-831F-51DF4FDE43EB}.Ad-Hoc|Any CPU.ActiveCfg = Release|Any CPU
		{146EABD6-719E-4ADE-831F-51DF4FDE43EB}.Ad-Hoc|Any CPU.Build.0 = Release|Any CPU
		{146EABD6-719E-4ADE-831F-51DF4FDE43EB}.Ad-Hoc|Any CPU.Deploy.0 = Release|Any CPU
		{146EABD6-719E-4ADE-831F-51DF4FDE43EB}.Ad-Hoc|ARM.ActiveCfg = Release|Any CPU
		{146EABD6-719E-4ADE-831F-51DF4FDE43EB}.Ad-Hoc|ARM.Build.0 = Release|Any CPU
		{146EABD6-719E-4ADE-831F-51DF4FDE43EB}.Ad-Hoc|ARM.Deploy.0 = Release|Any CPU
		{146EABD6-719E-4ADE-831F-51DF4FDE43EB}.Ad-Hoc|iPhone.ActiveCfg = Release|Any CPU
		{146EABD6-719E-4ADE-831F-51DF4FDE43EB}.Ad-Hoc|iPhone.Build.0 = Release|Any CPU
		{146EABD6-719E-4ADE-831F-51DF4FDE43EB}.Ad-Hoc|iPhone.Deploy.0 = Release|Any CPU
		{146EABD6-719E-4ADE-831F-51DF4FDE43EB}.Ad-Hoc|iPhoneSimulator.ActiveCfg = Release|Any CPU
		{146EABD6-719E-4ADE-831F-51DF4FDE43EB}.Ad-Hoc|iPhoneSimulator.Build.0 = Release|Any CPU
		{146EABD6-719E-4ADE-831F-51DF4FDE43EB}.Ad-Hoc|iPhoneSimulator.Deploy.0 = Release|Any CPU
		{146EABD6-719E-4ADE-831F-51DF4FDE43EB}.Ad-Hoc|x64.ActiveCfg = Release|Any CPU
		{146EABD6-719E-4ADE-831F-51DF4FDE43EB}.Ad-Hoc|x64.Build.0 = Release|Any CPU
		{146EABD6-719E-4ADE-831F-51DF4FDE43EB}.Ad-Hoc|x64.Deploy.0 = Release|Any CPU
		{146EABD6-719E-4ADE-831F-51DF4FDE43EB}.Ad-Hoc|x86.ActiveCfg = Release|Any CPU
		{146EABD6-719E-4ADE-831F-51DF4FDE43EB}.Ad-Hoc|x86.Build.0 = Release|Any CPU
		{146EABD6-719E-4ADE-831F-51DF4FDE43EB}.Ad-Hoc|x86.Deploy.0 = Release|Any CPU
		{146EABD6-719E-4ADE-831F-51DF4FDE43EB}.AppStore|Any CPU.ActiveCfg = Release|Any CPU
		{146EABD6-719E-4ADE-831F-51DF4FDE43EB}.AppStore|Any CPU.Build.0 = Release|Any CPU
		{146EABD6-719E-4ADE-831F-51DF4FDE43EB}.AppStore|Any CPU.Deploy.0 = Release|Any CPU
		{146EABD6-719E-4ADE-831F-51DF4FDE43EB}.AppStore|ARM.ActiveCfg = Release|Any CPU
		{146EABD6-719E-4ADE-831F-51DF4FDE43EB}.AppStore|ARM.Build.0 = Release|Any CPU
		{146EABD6-719E-4ADE-831F-51DF4FDE43EB}.AppStore|ARM.Deploy.0 = Release|Any CPU
		{146EABD6-719E-4ADE-831F-51DF4FDE43EB}.AppStore|iPhone.ActiveCfg = Release|Any CPU
		{146EABD6-719E-4ADE-831F-51DF4FDE43EB}.AppStore|iPhone.Build.0 = Release|Any CPU
		{146EABD6-719E-4ADE-831F-51DF4FDE43EB}.AppStore|iPhone.Deploy.0 = Release|Any CPU
		{146EABD6-719E-4ADE-831F-51DF4FDE43EB}.AppStore|iPhoneSimulator.ActiveCfg = Release|Any CPU
		{146EABD6-719E-4ADE-831F-51DF4FDE43EB}.AppStore|iPhoneSimulator.Build.0 = Release|Any CPU
		{146EABD6-719E-4ADE-831F-51DF4FDE43EB}.AppStore|iPhoneSimulator.Deploy.0 = Release|Any CPU
		{146EABD6-719E-4ADE-831F-51DF4FDE43EB}.AppStore|x64.ActiveCfg = Release|Any CPU
		{146EABD6-719E-4ADE-831F-51DF4FDE43EB}.AppStore|x64.Build.0 = Release|Any CPU
		{146EABD6-719E-4ADE-831F-51DF4FDE43EB}.AppStore|x64.Deploy.0 = Release|Any CPU
		{146EABD6-719E-4ADE-831F-51DF4FDE43EB}.AppStore|x86.ActiveCfg = Release|Any CPU
		{146EABD6-719E-4ADE-831F-51DF4FDE43EB}.AppStore|x86.Build.0 = Release|Any CPU
		{146EABD6-719E-4ADE-831F-51DF4FDE43EB}.AppStore|x86.Deploy.0 = Release|Any CPU
		{146EABD6-719E-4ADE-831F-51DF4FDE43EB}.Debug|Any CPU.ActiveCfg = Debug|Any CPU
		{146EABD6-719E-4ADE-831F-51DF4FDE43EB}.Debug|Any CPU.Build.0 = Debug|Any CPU
		{146EABD6-719E-4ADE-831F-51DF4FDE43EB}.Debug|Any CPU.Deploy.0 = Debug|Any CPU
		{146EABD6-719E-4ADE-831F-51DF4FDE43EB}.Debug|ARM.ActiveCfg = Debug|Any CPU
		{146EABD6-719E-4ADE-831F-51DF4FDE43EB}.Debug|ARM.Build.0 = Debug|Any CPU
		{146EABD6-719E-4ADE-831F-51DF4FDE43EB}.Debug|ARM.Deploy.0 = Debug|Any CPU
		{146EABD6-719E-4ADE-831F-51DF4FDE43EB}.Debug|iPhone.ActiveCfg = Debug|Any CPU
		{146EABD6-719E-4ADE-831F-51DF4FDE43EB}.Debug|iPhone.Build.0 = Debug|Any CPU
		{146EABD6-719E-4ADE-831F-51DF4FDE43EB}.Debug|iPhone.Deploy.0 = Debug|Any CPU
		{146EABD6-719E-4ADE-831F-51DF4FDE43EB}.Debug|iPhoneSimulator.ActiveCfg = Debug|Any CPU
		{146EABD6-719E-4ADE-831F-51DF4FDE43EB}.Debug|iPhoneSimulator.Build.0 = Debug|Any CPU
		{146EABD6-719E-4ADE-831F-51DF4FDE43EB}.Debug|iPhoneSimulator.Deploy.0 = Debug|Any CPU
		{146EABD6-719E-4ADE-831F-51DF4FDE43EB}.Debug|x64.ActiveCfg = Debug|Any CPU
		{146EABD6-719E-4ADE-831F-51DF4FDE43EB}.Debug|x64.Build.0 = Debug|Any CPU
		{146EABD6-719E-4ADE-831F-51DF4FDE43EB}.Debug|x64.Deploy.0 = Debug|Any CPU
		{146EABD6-719E-4ADE-831F-51DF4FDE43EB}.Debug|x86.ActiveCfg = Debug|Any CPU
		{146EABD6-719E-4ADE-831F-51DF4FDE43EB}.Debug|x86.Build.0 = Debug|Any CPU
		{146EABD6-719E-4ADE-831F-51DF4FDE43EB}.Debug|x86.Deploy.0 = Debug|Any CPU
		{146EABD6-719E-4ADE-831F-51DF4FDE43EB}.Release|Any CPU.ActiveCfg = Release|Any CPU
		{146EABD6-719E-4ADE-831F-51DF4FDE43EB}.Release|Any CPU.Build.0 = Release|Any CPU
		{146EABD6-719E-4ADE-831F-51DF4FDE43EB}.Release|Any CPU.Deploy.0 = Release|Any CPU
		{146EABD6-719E-4ADE-831F-51DF4FDE43EB}.Release|ARM.ActiveCfg = Release|Any CPU
		{146EABD6-719E-4ADE-831F-51DF4FDE43EB}.Release|ARM.Build.0 = Release|Any CPU
		{146EABD6-719E-4ADE-831F-51DF4FDE43EB}.Release|ARM.Deploy.0 = Release|Any CPU
		{146EABD6-719E-4ADE-831F-51DF4FDE43EB}.Release|iPhone.ActiveCfg = Release|Any CPU
		{146EABD6-719E-4ADE-831F-51DF4FDE43EB}.Release|iPhone.Build.0 = Release|Any CPU
		{146EABD6-719E-4ADE-831F-51DF4FDE43EB}.Release|iPhone.Deploy.0 = Release|Any CPU
		{146EABD6-719E-4ADE-831F-51DF4FDE43EB}.Release|iPhoneSimulator.ActiveCfg = Release|Any CPU
		{146EABD6-719E-4ADE-831F-51DF4FDE43EB}.Release|iPhoneSimulator.Build.0 = Release|Any CPU
		{146EABD6-719E-4ADE-831F-51DF4FDE43EB}.Release|iPhoneSimulator.Deploy.0 = Release|Any CPU
		{146EABD6-719E-4ADE-831F-51DF4FDE43EB}.Release|x64.ActiveCfg = Release|Any CPU
		{146EABD6-719E-4ADE-831F-51DF4FDE43EB}.Release|x64.Build.0 = Release|Any CPU
		{146EABD6-719E-4ADE-831F-51DF4FDE43EB}.Release|x64.Deploy.0 = Release|Any CPU
		{146EABD6-719E-4ADE-831F-51DF4FDE43EB}.Release|x86.ActiveCfg = Release|Any CPU
		{146EABD6-719E-4ADE-831F-51DF4FDE43EB}.Release|x86.Build.0 = Release|Any CPU
		{146EABD6-719E-4ADE-831F-51DF4FDE43EB}.Release|x86.Deploy.0 = Release|Any CPU
		{2E60208D-DEC6-48A9-A3FA-1B47EBB1CCED}.Ad-Hoc|Any CPU.ActiveCfg = Ad-Hoc|iPhone
		{2E60208D-DEC6-48A9-A3FA-1B47EBB1CCED}.Ad-Hoc|ARM.ActiveCfg = Ad-Hoc|iPhone
		{2E60208D-DEC6-48A9-A3FA-1B47EBB1CCED}.Ad-Hoc|iPhone.ActiveCfg = Ad-Hoc|iPhone
		{2E60208D-DEC6-48A9-A3FA-1B47EBB1CCED}.Ad-Hoc|iPhone.Build.0 = Ad-Hoc|iPhone
		{2E60208D-DEC6-48A9-A3FA-1B47EBB1CCED}.Ad-Hoc|iPhoneSimulator.ActiveCfg = Ad-Hoc|iPhoneSimulator
		{2E60208D-DEC6-48A9-A3FA-1B47EBB1CCED}.Ad-Hoc|iPhoneSimulator.Build.0 = Ad-Hoc|iPhoneSimulator
		{2E60208D-DEC6-48A9-A3FA-1B47EBB1CCED}.Ad-Hoc|x64.ActiveCfg = Ad-Hoc|iPhone
		{2E60208D-DEC6-48A9-A3FA-1B47EBB1CCED}.Ad-Hoc|x86.ActiveCfg = Ad-Hoc|iPhone
		{2E60208D-DEC6-48A9-A3FA-1B47EBB1CCED}.AppStore|Any CPU.ActiveCfg = AppStore|iPhone
		{2E60208D-DEC6-48A9-A3FA-1B47EBB1CCED}.AppStore|ARM.ActiveCfg = AppStore|iPhone
		{2E60208D-DEC6-48A9-A3FA-1B47EBB1CCED}.AppStore|iPhone.ActiveCfg = AppStore|iPhone
		{2E60208D-DEC6-48A9-A3FA-1B47EBB1CCED}.AppStore|iPhone.Build.0 = AppStore|iPhone
		{2E60208D-DEC6-48A9-A3FA-1B47EBB1CCED}.AppStore|iPhoneSimulator.ActiveCfg = AppStore|iPhoneSimulator
		{2E60208D-DEC6-48A9-A3FA-1B47EBB1CCED}.AppStore|iPhoneSimulator.Build.0 = AppStore|iPhoneSimulator
		{2E60208D-DEC6-48A9-A3FA-1B47EBB1CCED}.AppStore|x64.ActiveCfg = AppStore|iPhone
		{2E60208D-DEC6-48A9-A3FA-1B47EBB1CCED}.AppStore|x86.ActiveCfg = AppStore|iPhone
		{2E60208D-DEC6-48A9-A3FA-1B47EBB1CCED}.Debug|Any CPU.ActiveCfg = Debug|iPhone
		{2E60208D-DEC6-48A9-A3FA-1B47EBB1CCED}.Debug|ARM.ActiveCfg = Debug|iPhone
		{2E60208D-DEC6-48A9-A3FA-1B47EBB1CCED}.Debug|iPhone.ActiveCfg = Debug|iPhone
		{2E60208D-DEC6-48A9-A3FA-1B47EBB1CCED}.Debug|iPhone.Build.0 = Debug|iPhone
		{2E60208D-DEC6-48A9-A3FA-1B47EBB1CCED}.Debug|iPhoneSimulator.ActiveCfg = Debug|iPhoneSimulator
		{2E60208D-DEC6-48A9-A3FA-1B47EBB1CCED}.Debug|iPhoneSimulator.Build.0 = Debug|iPhoneSimulator
		{2E60208D-DEC6-48A9-A3FA-1B47EBB1CCED}.Debug|x64.ActiveCfg = Debug|iPhone
		{2E60208D-DEC6-48A9-A3FA-1B47EBB1CCED}.Debug|x86.ActiveCfg = Debug|iPhone
		{2E60208D-DEC6-48A9-A3FA-1B47EBB1CCED}.Release|Any CPU.ActiveCfg = Release|iPhone
		{2E60208D-DEC6-48A9-A3FA-1B47EBB1CCED}.Release|ARM.ActiveCfg = Release|iPhone
		{2E60208D-DEC6-48A9-A3FA-1B47EBB1CCED}.Release|iPhone.ActiveCfg = Release|iPhone
		{2E60208D-DEC6-48A9-A3FA-1B47EBB1CCED}.Release|iPhone.Build.0 = Release|iPhone
		{2E60208D-DEC6-48A9-A3FA-1B47EBB1CCED}.Release|iPhoneSimulator.ActiveCfg = Release|iPhoneSimulator
		{2E60208D-DEC6-48A9-A3FA-1B47EBB1CCED}.Release|iPhoneSimulator.Build.0 = Release|iPhoneSimulator
		{2E60208D-DEC6-48A9-A3FA-1B47EBB1CCED}.Release|x64.ActiveCfg = Release|iPhone
		{2E60208D-DEC6-48A9-A3FA-1B47EBB1CCED}.Release|x86.ActiveCfg = Release|iPhone
		{DEF20894-1023-488C-A00C-284BA04432FF}.Ad-Hoc|Any CPU.ActiveCfg = Release|x86
		{DEF20894-1023-488C-A00C-284BA04432FF}.Ad-Hoc|Any CPU.Build.0 = Release|x86
		{DEF20894-1023-488C-A00C-284BA04432FF}.Ad-Hoc|Any CPU.Deploy.0 = Release|x86
		{DEF20894-1023-488C-A00C-284BA04432FF}.Ad-Hoc|ARM.ActiveCfg = Release|ARM
		{DEF20894-1023-488C-A00C-284BA04432FF}.Ad-Hoc|ARM.Build.0 = Release|ARM
		{DEF20894-1023-488C-A00C-284BA04432FF}.Ad-Hoc|ARM.Deploy.0 = Release|ARM
		{DEF20894-1023-488C-A00C-284BA04432FF}.Ad-Hoc|iPhone.ActiveCfg = Release|x86
		{DEF20894-1023-488C-A00C-284BA04432FF}.Ad-Hoc|iPhone.Build.0 = Release|x86
		{DEF20894-1023-488C-A00C-284BA04432FF}.Ad-Hoc|iPhone.Deploy.0 = Release|x86
		{DEF20894-1023-488C-A00C-284BA04432FF}.Ad-Hoc|iPhoneSimulator.ActiveCfg = Release|x86
		{DEF20894-1023-488C-A00C-284BA04432FF}.Ad-Hoc|iPhoneSimulator.Build.0 = Release|x86
		{DEF20894-1023-488C-A00C-284BA04432FF}.Ad-Hoc|iPhoneSimulator.Deploy.0 = Release|x86
		{DEF20894-1023-488C-A00C-284BA04432FF}.Ad-Hoc|x64.ActiveCfg = Release|x64
		{DEF20894-1023-488C-A00C-284BA04432FF}.Ad-Hoc|x64.Build.0 = Release|x64
		{DEF20894-1023-488C-A00C-284BA04432FF}.Ad-Hoc|x64.Deploy.0 = Release|x64
		{DEF20894-1023-488C-A00C-284BA04432FF}.Ad-Hoc|x86.ActiveCfg = Release|x86
		{DEF20894-1023-488C-A00C-284BA04432FF}.Ad-Hoc|x86.Build.0 = Release|x86
		{DEF20894-1023-488C-A00C-284BA04432FF}.Ad-Hoc|x86.Deploy.0 = Release|x86
		{DEF20894-1023-488C-A00C-284BA04432FF}.AppStore|Any CPU.ActiveCfg = Release|x86
		{DEF20894-1023-488C-A00C-284BA04432FF}.AppStore|Any CPU.Build.0 = Release|x86
		{DEF20894-1023-488C-A00C-284BA04432FF}.AppStore|Any CPU.Deploy.0 = Release|x86
		{DEF20894-1023-488C-A00C-284BA04432FF}.AppStore|ARM.ActiveCfg = Release|ARM
		{DEF20894-1023-488C-A00C-284BA04432FF}.AppStore|ARM.Build.0 = Release|ARM
		{DEF20894-1023-488C-A00C-284BA04432FF}.AppStore|ARM.Deploy.0 = Release|ARM
		{DEF20894-1023-488C-A00C-284BA04432FF}.AppStore|iPhone.ActiveCfg = Release|x86
		{DEF20894-1023-488C-A00C-284BA04432FF}.AppStore|iPhone.Build.0 = Release|x86
		{DEF20894-1023-488C-A00C-284BA04432FF}.AppStore|iPhone.Deploy.0 = Release|x86
		{DEF20894-1023-488C-A00C-284BA04432FF}.AppStore|iPhoneSimulator.ActiveCfg = Release|x86
		{DEF20894-1023-488C-A00C-284BA04432FF}.AppStore|iPhoneSimulator.Build.0 = Release|x86
		{DEF20894-1023-488C-A00C-284BA04432FF}.AppStore|iPhoneSimulator.Deploy.0 = Release|x86
		{DEF20894-1023-488C-A00C-284BA04432FF}.AppStore|x64.ActiveCfg = Release|x64
		{DEF20894-1023-488C-A00C-284BA04432FF}.AppStore|x64.Build.0 = Release|x64
		{DEF20894-1023-488C-A00C-284BA04432FF}.AppStore|x64.Deploy.0 = Release|x64
		{DEF20894-1023-488C-A00C-284BA04432FF}.AppStore|x86.ActiveCfg = Release|x86
		{DEF20894-1023-488C-A00C-284BA04432FF}.AppStore|x86.Build.0 = Release|x86
		{DEF20894-1023-488C-A00C-284BA04432FF}.AppStore|x86.Deploy.0 = Release|x86
		{DEF20894-1023-488C-A00C-284BA04432FF}.Debug|Any CPU.ActiveCfg = Debug|x86
		{DEF20894-1023-488C-A00C-284BA04432FF}.Debug|ARM.ActiveCfg = Debug|ARM
		{DEF20894-1023-488C-A00C-284BA04432FF}.Debug|ARM.Build.0 = Debug|ARM
		{DEF20894-1023-488C-A00C-284BA04432FF}.Debug|ARM.Deploy.0 = Debug|ARM
		{DEF20894-1023-488C-A00C-284BA04432FF}.Debug|iPhone.ActiveCfg = Debug|x86
		{DEF20894-1023-488C-A00C-284BA04432FF}.Debug|iPhoneSimulator.ActiveCfg = Debug|x86
		{DEF20894-1023-488C-A00C-284BA04432FF}.Debug|x64.ActiveCfg = Debug|x64
		{DEF20894-1023-488C-A00C-284BA04432FF}.Debug|x64.Build.0 = Debug|x64
		{DEF20894-1023-488C-A00C-284BA04432FF}.Debug|x64.Deploy.0 = Debug|x64
		{DEF20894-1023-488C-A00C-284BA04432FF}.Debug|x86.ActiveCfg = Debug|x86
		{DEF20894-1023-488C-A00C-284BA04432FF}.Debug|x86.Build.0 = Debug|x86
		{DEF20894-1023-488C-A00C-284BA04432FF}.Debug|x86.Deploy.0 = Debug|x86
		{DEF20894-1023-488C-A00C-284BA04432FF}.Release|Any CPU.ActiveCfg = Release|x86
		{DEF20894-1023-488C-A00C-284BA04432FF}.Release|ARM.ActiveCfg = Release|ARM
		{DEF20894-1023-488C-A00C-284BA04432FF}.Release|ARM.Build.0 = Release|ARM
		{DEF20894-1023-488C-A00C-284BA04432FF}.Release|ARM.Deploy.0 = Release|ARM
		{DEF20894-1023-488C-A00C-284BA04432FF}.Release|iPhone.ActiveCfg = Release|x86
		{DEF20894-1023-488C-A00C-284BA04432FF}.Release|iPhoneSimulator.ActiveCfg = Release|x86
		{DEF20894-1023-488C-A00C-284BA04432FF}.Release|x64.ActiveCfg = Release|x64
		{DEF20894-1023-488C-A00C-284BA04432FF}.Release|x64.Build.0 = Release|x64
		{DEF20894-1023-488C-A00C-284BA04432FF}.Release|x64.Deploy.0 = Release|x64
		{DEF20894-1023-488C-A00C-284BA04432FF}.Release|x86.ActiveCfg = Release|x86
		{DEF20894-1023-488C-A00C-284BA04432FF}.Release|x86.Build.0 = Release|x86
		{DEF20894-1023-488C-A00C-284BA04432FF}.Release|x86.Deploy.0 = Release|x86
	EndGlobalSection
	GlobalSection(SolutionProperties) = preSolution
		HideSolutionNode = FALSE
	EndGlobalSection
	GlobalSection(ExtensibilityGlobals) = postSolution
		SolutionGuid = {7880203B-DBCF-4041-BF98-C593A4120D1B}
	EndGlobalSection
EndGlobal
